// !$*UTF8*$!
{
	archiveVersion = 1;
	classes = {
	};
	objectVersion = 50;
	objects = {

/* Begin PBXBuildFile section */
		460EB331235F443B00F423B2 /* PriceBoston.mlmodel in Sources */ = {isa = PBXBuildFile; fileRef = 460EB330235F443B00F423B2 /* PriceBoston.mlmodel */; };
		46262FD4234DCB68009340BE /* AppDelegate.swift in Sources */ = {isa = PBXBuildFile; fileRef = 46262FD3234DCB68009340BE /* AppDelegate.swift */; };
		46262FD6234DCB68009340BE /* SceneDelegate.swift in Sources */ = {isa = PBXBuildFile; fileRef = 46262FD5234DCB68009340BE /* SceneDelegate.swift */; };
		46262FD8234DCB68009340BE /* ContentView.swift in Sources */ = {isa = PBXBuildFile; fileRef = 46262FD7234DCB68009340BE /* ContentView.swift */; };
		46262FDA234DCB6A009340BE /* Assets.xcassets in Resources */ = {isa = PBXBuildFile; fileRef = 46262FD9234DCB6A009340BE /* Assets.xcassets */; };
		46262FDD234DCB6A009340BE /* Preview Assets.xcassets in Resources */ = {isa = PBXBuildFile; fileRef = 46262FDC234DCB6A009340BE /* Preview Assets.xcassets */; };
		46262FE0234DCB6A009340BE /* LaunchScreen.storyboard in Resources */ = {isa = PBXBuildFile; fileRef = 46262FDE234DCB6A009340BE /* LaunchScreen.storyboard */; };
/* End PBXBuildFile section */

/* Begin PBXFileReference section */
		460EB330235F443B00F423B2 /* PriceBoston.mlmodel */ = {isa = PBXFileReference; lastKnownFileType = file.mlmodel; path = PriceBoston.mlmodel; sourceTree = "<group>"; };
		46262FD0234DCB68009340BE /* BostonPricer.app */ = {isa = PBXFileReference; explicitFileType = wrapper.application; includeInIndex = 0; path = BostonPricer.app; sourceTree = BUILT_PRODUCTS_DIR; };
		46262FD3234DCB68009340BE /* AppDelegate.swift */ = {isa = PBXFileReference; lastKnownFileType = sourcecode.swift; path = AppDelegate.swift; sourceTree = "<group>"; };
		46262FD5234DCB68009340BE /* SceneDelegate.swift */ = {isa = PBXFileReference; lastKnownFileType = sourcecode.swift; path = SceneDelegate.swift; sourceTree = "<group>"; };
		46262FD7234DCB68009340BE /* ContentView.swift */ = {isa = PBXFileReference; lastKnownFileType = sourcecode.swift; path = ContentView.swift; sourceTree = "<group>"; };
		46262FD9234DCB6A009340BE /* Assets.xcassets */ = {isa = PBXFileReference; lastKnownFileType = folder.assetcatalog; path = Assets.xcassets; sourceTree = "<group>"; };
		46262FDC234DCB6A009340BE /* Preview Assets.xcassets */ = {isa = PBXFileReference; lastKnownFileType = folder.assetcatalog; path = "Preview Assets.xcassets"; sourceTree = "<group>"; };
		46262FDF234DCB6A009340BE /* Base */ = {isa = PBXFileReference; lastKnownFileType = file.storyboard; name = Base; path = Base.lproj/LaunchScreen.storyboard; sourceTree = "<group>"; };
		46262FE1234DCB6A009340BE /* Info.plist */ = {isa = PBXFileReference; lastKnownFileType = text.plist.xml; path = Info.plist; sourceTree = "<group>"; };
/* End PBXFileReference section */

/* Begin PBXFrameworksBuildPhase section */
		46262FCD234DCB68009340BE /* Frameworks */ = {
			isa = PBXFrameworksBuildPhase;
			buildActionMask = 2147483647;
			files = (
			);
			runOnlyForDeploymentPostprocessing = 0;
		};
/* End PBXFrameworksBuildPhase section */

/* Begin PBXGroup section */
		460EB32F235F407400F423B2 /* Resources */ = {
			isa = PBXGroup;
			children = (
				460EB330235F443B00F423B2 /* PriceBoston.mlmodel */,
			);
			path = Resources;
			sourceTree = "<group>";
		};
		46262FC7234DCB68009340BE = {
			isa = PBXGroup;
			children = (
				460EB32F235F407400F423B2 /* Resources */,
				46262FD2234DCB68009340BE /* BostonPricer */,
				46262FD1234DCB68009340BE /* Products */,
			);
			sourceTree = "<group>";
		};
		46262FD1234DCB68009340BE /* Products */ = {
			isa = PBXGroup;
			children = (
				46262FD0234DCB68009340BE /* BostonPricer.app */,
			);
			name = Products;
			sourceTree = "<group>";
		};
		46262FD2234DCB68009340BE /* BostonPricer */ = {
			isa = PBXGroup;
			children = (
				46262FD3234DCB68009340BE /* AppDelegate.swift */,
				46262FD5234DCB68009340BE /* SceneDelegate.swift */,
				46262FD7234DCB68009340BE /* ContentView.swift */,
				46262FD9234DCB6A009340BE /* Assets.xcassets */,
				46262FDE234DCB6A009340BE /* LaunchScreen.storyboard */,
				46262FE1234DCB6A009340BE /* Info.plist */,
				46262FDB234DCB6A009340BE /* Preview Content */,
			);
			path = BostonPricer;
			sourceTree = "<group>";
		};
		46262FDB234DCB6A009340BE /* Preview Content */ = {
			isa = PBXGroup;
			children = (
				46262FDC234DCB6A009340BE /* Preview Assets.xcassets */,
			);
			path = "Preview Content";
			sourceTree = "<group>";
		};
/* End PBXGroup section */

/* Begin PBXNativeTarget section */
		46262FCF234DCB68009340BE /* BostonPricer */ = {
			isa = PBXNativeTarget;
			buildConfigurationList = 46262FE4234DCB6A009340BE /* Build configuration list for PBXNativeTarget "BostonPricer" */;
			buildPhases = (
				46262FCC234DCB68009340BE /* Sources */,
				46262FCD234DCB68009340BE /* Frameworks */,
				46262FCE234DCB68009340BE /* Resources */,
			);
			buildRules = (
			);
			dependencies = (
			);
			name = BostonPricer;
			productName = BostonPricer;
			productReference = 46262FD0234DCB68009340BE /* BostonPricer.app */;
			productType = "com.apple.product-type.application";
		};
/* End PBXNativeTarget section */

/* Begin PBXProject section */
		46262FC8234DCB68009340BE /* Project object */ = {
			isa = PBXProject;
			attributes = {
				LastSwiftUpdateCheck = 1110;
				LastUpgradeCheck = 1340;
				ORGANIZATIONNAME = "Jesus Rogel";
				TargetAttributes = {
					46262FCF234DCB68009340BE = {
						CreatedOnToolsVersion = 11.1;
					};
				};
			};
			buildConfigurationList = 46262FCB234DCB68009340BE /* Build configuration list for PBXProject "BostonPricer" */;
			compatibilityVersion = "Xcode 9.3";
			developmentRegion = en;
			hasScannedForEncodings = 0;
			knownRegions = (
				en,
				Base,
			);
			mainGroup = 46262FC7234DCB68009340BE;
			productRefGroup = 46262FD1234DCB68009340BE /* Products */;
			projectDirPath = "";
			projectRoot = "";
			targets = (
				46262FCF234DCB68009340BE /* BostonPricer */,
			);
		};
/* End PBXProject section */

/* Begin PBXResourcesBuildPhase section */
		46262FCE234DCB68009340BE /* Resources */ = {
			isa = PBXResourcesBuildPhase;
			buildActionMask = 2147483647;
			files = (
				46262FE0234DCB6A009340BE /* LaunchScreen.storyboard in Resources */,
				46262FDD234DCB6A009340BE /* Preview Assets.xcassets in Resources */,
				46262FDA234DCB6A009340BE /* Assets.xcassets in Resources */,
			);
			runOnlyForDeploymentPostprocessing = 0;
		};
/* End PBXResourcesBuildPhase section */

/* Begin PBXSourcesBuildPhase section */
		46262FCC234DCB68009340BE /* Sources */ = {
			isa = PBXSourcesBuildPhase;
			buildActionMask = 2147483647;
			files = (
				46262FD4234DCB68009340BE /* AppDelegate.swift in Sources */,
				46262FD6234DCB68009340BE /* SceneDelegate.swift in Sources */,
				46262FD8234DCB68009340BE /* ContentView.swift in Sources */,
				460EB331235F443B00F423B2 /* PriceBoston.mlmodel in Sources */,
			);
			runOnlyForDeploymentPostprocessing = 0;
		};
/* End PBXSourcesBuildPhase section */

/* Begin PBXVariantGroup section */
		46262FDE234DCB6A009340BE /* LaunchScreen.storyboard */ = {
			isa = PBXVariantGroup;
			children = (
				46262FDF234DCB6A009340BE /* Base */,
			);
			name = LaunchScreen.storyboard;
			sourceTree = "<group>";
		};
/* End PBXVariantGroup section */

/* Begin XCBuildConfiguration section */
		46262FE2234DCB6A009340BE /* Debug */ = {
			isa = XCBuildConfiguration;
			buildSettings = {
				ALWAYS_SEARCH_USER_PATHS = NO;
				CLANG_ANALYZER_NONNULL = YES;
				CLANG_ANALYZER_NUMBER_OBJECT_CONVERSION = YES_AGGRESSIVE;
				CLANG_CXX_LANGUAGE_STANDARD = "gnu++14";
				CLANG_CXX_LIBRARY = "libc++";
				CLANG_ENABLE_MODULES = YES;
				CLANG_ENABLE_OBJC_ARC = YES;
				CLANG_ENABLE_OBJC_WEAK = YES;
				CLANG_WARN_BLOCK_CAPTURE_AUTORELEASING = YES;
				CLANG_WARN_BOOL_CONVERSION = YES;
				CLANG_WARN_COMMA = YES;
				CLANG_WARN_CONSTANT_CONVERSION = YES;
				CLANG_WARN_DEPRECATED_OBJC_IMPLEMENTATIONS = YES;
				CLANG_WARN_DIRECT_OBJC_ISA_USAGE = YES_ERROR;
				CLANG_WARN_DOCUMENTATION_COMMENTS = YES;
				CLANG_WARN_EMPTY_BODY = YES;
				CLANG_WARN_ENUM_CONVERSION = YES;
				CLANG_WARN_INFINITE_RECURSION = YES;
				CLANG_WARN_INT_CONVERSION = YES;
				CLANG_WARN_NON_LITERAL_NULL_CONVERSION = YES;
				CLANG_WARN_OBJC_IMPLICIT_RETAIN_SELF = YES;
				CLANG_WARN_OBJC_LITERAL_CONVERSION = YES;
				CLANG_WARN_OBJC_ROOT_CLASS = YES_ERROR;
				CLANG_WARN_QUOTED_INCLUDE_IN_FRAMEWORK_HEADER = YES;
				CLANG_WARN_RANGE_LOOP_ANALYSIS = YES;
				CLANG_WARN_STRICT_PROTOTYPES = YES;
				CLANG_WARN_SUSPICIOUS_MOVE = YES;
				CLANG_WARN_UNGUARDED_AVAILABILITY = YES_AGGRESSIVE;
				CLANG_WARN_UNREACHABLE_CODE = YES;
				CLANG_WARN__DUPLICATE_METHOD_MATCH = YES;
				COPY_PHASE_STRIP = NO;
				DEBUG_INFORMATION_FORMAT = dwarf;
				ENABLE_STRICT_OBJC_MSGSEND = YES;
				ENABLE_TESTABILITY = YES;
				GCC_C_LANGUAGE_STANDARD = gnu11;
				GCC_DYNAMIC_NO_PIC = NO;
				GCC_NO_COMMON_BLOCKS = YES;
				GCC_OPTIMIZATION_LEVEL = 0;
				GCC_PREPROCESSOR_DEFINITIONS = (
					"DEBUG=1",
					"$(inherited)",
				);
				GCC_WARN_64_TO_32_BIT_CONVERSION = YES;
				GCC_WARN_ABOUT_RETURN_TYPE = YES_ERROR;
				GCC_WARN_UNDECLARED_SELECTOR = YES;
				GCC_WARN_UNINITIALIZED_AUTOS = YES_AGGRESSIVE;
				GCC_WARN_UNUSED_FUNCTION = YES;
				GCC_WARN_UNUSED_VARIABLE = YES;
				IPHONEOS_DEPLOYMENT_TARGET = 13.1;
				MTL_ENABLE_DEBUG_INFO = INCLUDE_SOURCE;
				MTL_FAST_MATH = YES;
				ONLY_ACTIVE_ARCH = YES;
				SDKROOT = iphoneos;
				SWIFT_ACTIVE_COMPILATION_CONDITIONS = DEBUG;
				SWIFT_OPTIMIZATION_LEVEL = "-Onone";
			};
			name = Debug;
		};
		46262FE3234DCB6A009340BE /* Release */ = {
			isa = XCBuildConfiguration;
			buildSettings = {
				ALWAYS_SEARCH_USER_PATHS = NO;
				CLANG_ANALYZER_NONNULL = YES;
				CLANG_ANALYZER_NUMBER_OBJECT_CONVERSION = YES_AGGRESSIVE;
				CLANG_CXX_LANGUAGE_STANDARD = "gnu++14";
				CLANG_CXX_LIBRARY = "libc++";
				CLANG_ENABLE_MODULES = YES;
				CLANG_ENABLE_OBJC_ARC = YES;
				CLANG_ENABLE_OBJC_WEAK = YES;
				CLANG_WARN_BLOCK_CAPTURE_AUTORELEASING = YES;
				CLANG_WARN_BOOL_CONVERSION = YES;
				CLANG_WARN_COMMA = YES;
				CLANG_WARN_CONSTANT_CONVERSION = YES;
				CLANG_WARN_DEPRECATED_OBJC_IMPLEMENTATIONS = YES;
				CLANG_WARN_DIRECT_OBJC_ISA_USAGE = YES_ERROR;
				CLANG_WARN_DOCUMENTATION_COMMENTS = YES;
				CLANG_WARN_EMPTY_BODY = YES;
				CLANG_WARN_ENUM_CONVERSION = YES;
				CLANG_WARN_INFINITE_RECURSION = YES;
				CLANG_WARN_INT_CONVERSION = YES;
				CLANG_WARN_NON_LITERAL_NULL_CONVERSION = YES;
				CLANG_WARN_OBJC_IMPLICIT_RETAIN_SELF = YES;
				CLANG_WARN_OBJC_LITERAL_CONVERSION = YES;
				CLANG_WARN_OBJC_ROOT_CLASS = YES_ERROR;
				CLANG_WARN_QUOTED_INCLUDE_IN_FRAMEWORK_HEADER = YES;
				CLANG_WARN_RANGE_LOOP_ANALYSIS = YES;
				CLANG_WARN_STRICT_PROTOTYPES = YES;
				CLANG_WARN_SUSPICIOUS_MOVE = YES;
				CLANG_WARN_UNGUARDED_AVAILABILITY = YES_AGGRESSIVE;
				CLANG_WARN_UNREACHABLE_CODE = YES;
				CLANG_WARN__DUPLICATE_METHOD_MATCH = YES;
				COPY_PHASE_STRIP = NO;
				DEBUG_INFORMATION_FORMAT = "dwarf-with-dsym";
				ENABLE_NS_ASSERTIONS = NO;
				ENABLE_STRICT_OBJC_MSGSEND = YES;
				GCC_C_LANGUAGE_STANDARD = gnu11;
				GCC_NO_COMMON_BLOCKS = YES;
				GCC_WARN_64_TO_32_BIT_CONVERSION = YES;
				GCC_WARN_ABOUT_RETURN_TYPE = YES_ERROR;
				GCC_WARN_UNDECLARED_SELECTOR = YES;
				GCC_WARN_UNINITIALIZED_AUTOS = YES_AGGRESSIVE;
				GCC_WARN_UNUSED_FUNCTION = YES;
				GCC_WARN_UNUSED_VARIABLE = YES;
				IPHONEOS_DEPLOYMENT_TARGET = 13.1;
				MTL_ENABLE_DEBUG_INFO = NO;
				MTL_FAST_MATH = YES;
				SDKROOT = iphoneos;
				SWIFT_COMPILATION_MODE = wholemodule;
				SWIFT_OPTIMIZATION_LEVEL = "-O";
				VALIDATE_PRODUCT = YES;
			};
			name = Release;
		};
		46262FE5234DCB6A009340BE /* Debug */ = {
			isa = XCBuildConfiguration;
			buildSettings = {
				ASSETCATALOG_COMPILER_APPICON_NAME = AppIcon;
				CODE_SIGN_STYLE = Automatic;
				DEVELOPMENT_ASSET_PATHS = "\"BostonPricer/Preview Content\"";
				DEVELOPMENT_TEAM = 8TTD5JG84R;
				ENABLE_PREVIEWS = YES;
				INFOPLIST_FILE = BostonPricer/Info.plist;
				IPHONEOS_DEPLOYMENT_TARGET = 15.0;
				LD_RUNPATH_SEARCH_PATHS = (
					"$(inherited)",
					"@executable_path/Frameworks",
				);
				PRODUCT_BUNDLE_IDENTIFIER = RogueLoop.BostonPricer;
				PRODUCT_NAME = "$(TARGET_NAME)";
				SWIFT_VERSION = 5.0;
				TARGETED_DEVICE_FAMILY = "1,2";
			};
			name = Debug;
		};
		46262FE6234DCB6A009340BE /* Release */ = {
			isa = XCBuildConfiguration;
			buildSettings = {
				ASSETCATALOG_COMPILER_APPICON_NAME = AppIcon;
				CODE_SIGN_STYLE = Automatic;
				DEVELOPMENT_ASSET_PATHS = "\"BostonPricer/Preview Content\"";
				DEVELOPMENT_TEAM = 8TTD5JG84R;
				ENABLE_PREVIEWS = YES;
				INFOPLIST_FILE = BostonPricer/Info.plist;
				IPHONEOS_DEPLOYMENT_TARGET = 15.0;
				LD_RUNPATH_SEARCH_PATHS = (
					"$(inherited)",
					"@executable_path/Frameworks",
				);
				PRODUCT_BUNDLE_IDENTIFIER = RogueLoop.BostonPricer;
				PRODUCT_NAME = "$(TARGET_NAME)";
				SWIFT_VERSION = 5.0;
				TARGETED_DEVICE_FAMILY = "1,2";
			};
			name = Release;
		};
/* End XCBuildConfiguration section */

/* Begin XCConfigurationList section */
		46262FCB234DCB68009340BE /* Build configuration list for PBXProject "BostonPricer" */ = {
			isa = XCConfigurationList;
			buildConfigurations = (
				46262FE2234DCB6A009340BE /* Debug */,
				46262FE3234DCB6A009340BE /* Release */,
			);
			defaultConfigurationIsVisible = 0;
			defaultConfigurationName = Release;
		};
		46262FE4234DCB6A009340BE /* Build configuration list for PBXNativeTarget "BostonPricer" */ = {
			isa = XCConfigurationList;
			buildConfigurations = (
				46262FE5234DCB6A009340BE /* Debug */,
				46262FE6234DCB6A009340BE /* Release */,
			);
			defaultConfigurationIsVisible = 0;
			defaultConfigurationName = Release;
		};
/* End XCConfigurationList section */
	};
	rootObject = 46262FC8234DCB68009340BE /* Project object */;
}
